// !$*UTF8*$!
{
	archiveVersion = 1;
	classes = {
	};
	objectVersion = 46;
	objects = {

/* Begin PBXBuildFile section */
		62073FAE1C2ACBA40049C833 /* main.m in Sources */ = {isa = PBXBuildFile; fileRef = 62073FAD1C2ACBA40049C833 /* main.m */; };
		62073FB11C2ACBA40049C833 /* AppDelegate.m in Sources */ = {isa = PBXBuildFile; fileRef = 62073FB01C2ACBA40049C833 /* AppDelegate.m */; };
		62073FB41C2ACBA40049C833 /* ViewController.m in Sources */ = {isa = PBXBuildFile; fileRef = 62073FB31C2ACBA40049C833 /* ViewController.m */; };
		62073FB71C2ACBA40049C833 /* Main.storyboard in Resources */ = {isa = PBXBuildFile; fileRef = 62073FB51C2ACBA40049C833 /* Main.storyboard */; };
		62073FB91C2ACBA40049C833 /* Assets.xcassets in Resources */ = {isa = PBXBuildFile; fileRef = 62073FB81C2ACBA40049C833 /* Assets.xcassets */; };
		62073FBC1C2ACBA40049C833 /* LaunchScreen.storyboard in Resources */ = {isa = PBXBuildFile; fileRef = 62073FBA1C2ACBA40049C833 /* LaunchScreen.storyboard */; };
/* End PBXBuildFile section */

/* Begin PBXFileReference section */
		62073FA91C2ACBA40049C833 /* JustForText.app */ = {isa = PBXFileReference; explicitFileType = wrapper.application; includeInIndex = 0; path = JustForText.app; sourceTree = BUILT_PRODUCTS_DIR; };
		62073FAD1C2ACBA40049C833 /* main.m */ = {isa = PBXFileReference; lastKnownFileType = sourcecode.c.objc; path = main.m; sourceTree = "<group>"; };
		62073FAF1C2ACBA40049C833 /* AppDelegate.h */ = {isa = PBXFileReference; lastKnownFileType = sourcecode.c.h; path = AppDelegate.h; sourceTree = "<group>"; };
		62073FB01C2ACBA40049C833 /* AppDelegate.m */ = {isa = PBXFileReference; lastKnownFileType = sourcecode.c.objc; path = AppDelegate.m; sourceTree = "<group>"; };
		62073FB21C2ACBA40049C833 /* ViewController.h */ = {isa = PBXFileReference; lastKnownFileType = sourcecode.c.h; path = ViewController.h; sourceTree = "<group>"; };
		62073FB31C2ACBA40049C833 /* ViewController.m */ = {isa = PBXFileReference; lastKnownFileType = sourcecode.c.objc; path = ViewController.m; sourceTree = "<group>"; };
		62073FB61C2ACBA40049C833 /* Base */ = {isa = PBXFileReference; lastKnownFileType = file.storyboard; name = Base; path = Base.lproj/Main.storyboard; sourceTree = "<group>"; };
		62073FB81C2ACBA40049C833 /* Assets.xcassets */ = {isa = PBXFileReference; lastKnownFileType = folder.assetcatalog; path = Assets.xcassets; sourceTree = "<group>"; };
		62073FBB1C2ACBA40049C833 /* Base */ = {isa = PBXFileReference; lastKnownFileType = file.storyboard; name = Base; path = Base.lproj/LaunchScreen.storyboard; sourceTree = "<group>"; };
		62073FBD1C2ACBA40049C833 /* Info.plist */ = {isa = PBXFileReference; lastKnownFileType = text.plist.xml; path = Info.plist; sourceTree = "<group>"; };
/* End PBXFileReference section */

/* Begin PBXFrameworksBuildPhase section */
		62073FA61C2ACBA40049C833 /* Frameworks */ = {
			isa = PBXFrameworksBuildPhase;
			buildActionMask = 2147483647;
			files = (
			);
			runOnlyForDeploymentPostprocessing = 0;
		};
/* End PBXFrameworksBuildPhase section */

/* Begin PBXGroup section */
		62073FA01C2ACBA40049C833 = {
			isa = PBXGroup;
			children = (
				62073FAB1C2ACBA40049C833 /* JustForText */,
				62073FAA1C2ACBA40049C833 /* Products */,
			);
			sourceTree = "<group>";
		};
		62073FAA1C2ACBA40049C833 /* Products */ = {
			isa = PBXGroup;
			children = (
				62073FA91C2ACBA40049C833 /* JustForText.app */,
			);
			name = Products;
			sourceTree = "<group>";
		};
		62073FAB1C2ACBA40049C833 /* JustForText */ = {
			isa = PBXGroup;
			children = (
				62073FAF1C2ACBA40049C833 /* AppDelegate.h */,
				62073FB01C2ACBA40049C833 /* AppDelegate.m */,
				62073FB21C2ACBA40049C833 /* ViewController.h */,
				62073FB31C2ACBA40049C833 /* ViewController.m */,
				62073FB51C2ACBA40049C833 /* Main.storyboard */,
				62073FB81C2ACBA40049C833 /* Assets.xcassets */,
				62073FBA1C2ACBA40049C833 /* LaunchScreen.storyboard */,
				62073FBD1C2ACBA40049C833 /* Info.plist */,
				62073FAC1C2ACBA40049C833 /* Supporting Files */,
			);
			path = JustForText;
			sourceTree = "<group>";
		};
		62073FAC1C2ACBA40049C833 /* Supporting Files */ = {
			isa = PBXGroup;
			children = (
				62073FAD1C2ACBA40049C833 /* main.m */,
			);
			name = "Supporting Files";
			sourceTree = "<group>";
		};
/* End PBXGroup section */

/* Begin PBXNativeTarget section */
		62073FA81C2ACBA40049C833 /* JustForText */ = {
			isa = PBXNativeTarget;
			buildConfigurationList = 62073FC01C2ACBA40049C833 /* Build configuration list for PBXNativeTarget "JustForText" */;
			buildPhases = (
				62073FA51C2ACBA40049C833 /* Sources */,
				62073FA61C2ACBA40049C833 /* Frameworks */,
				62073FA71C2ACBA40049C833 /* Resources */,
			);
			buildRules = (
			);
			dependencies = (
			);
			name = JustForText;
			productName = JustForText;
			productReference = 62073FA91C2ACBA40049C833 /* JustForText.app */;
			productType = "com.apple.product-type.application";
		};
/* End PBXNativeTarget section */

/* Begin PBXProject section */
		62073FA11C2ACBA40049C833 /* Project object */ = {
			isa = PBXProject;
			attributes = {
				LastUpgradeCheck = 0710;
				ORGANIZATIONNAME = jfsld1989;
				TargetAttributes = {
					62073FA81C2ACBA40049C833 = {
						CreatedOnToolsVersion = 7.1;
					};
				};
			};
			buildConfigurationList = 62073FA41C2ACBA40049C833 /* Build configuration list for PBXProject "JustForText" */;
			compatibilityVersion = "Xcode 3.2";
			developmentRegion = English;
			hasScannedForEncodings = 0;
			knownRegions = (
				en,
				Base,
			);
			mainGroup = 62073FA01C2ACBA40049C833;
			productRefGroup = 62073FAA1C2ACBA40049C833 /* Products */;
			projectDirPath = "";
			projectRoot = "";
			targets = (
				62073FA81C2ACBA40049C833 /* JustForText */,
			);
		};
/* End PBXProject section */

/* Begin PBXResourcesBuildPhase section */
		62073FA71C2ACBA40049C833 /* Resources */ = {
			isa = PBXResourcesBuildPhase;
			buildActionMask = 2147483647;
			files = (
				62073FBC1C2ACBA40049C833 /* LaunchScreen.storyboard in Resources */,
				62073FB91C2ACBA40049C833 /* Assets.xcassets in Resources */,
				62073FB71C2ACBA40049C833 /* Main.storyboard in Resources */,
			);
			runOnlyForDeploymentPostprocessing = 0;
		};
/* End PBXResourcesBuildPhase section */

/* Begin PBXSourcesBuildPhase section */
		62073FA51C2ACBA40049C833 /* Sources */ = {
			isa = PBXSourcesBuildPhase;
			buildActionMask = 2147483647;
			files = (
				62073FB41C2ACBA40049C833 /* ViewController.m in Sources */,
				62073FB11C2ACBA40049C833 /* AppDelegate.m in Sources */,
				62073FAE1C2ACBA40049C833 /* main.m in Sources */,
			);
			runOnlyForDeploymentPostprocessing = 0;
		};
/* End PBXSourcesBuildPhase section */

/* Begin PBXVariantGroup section */
		62073FB51C2ACBA40049C833 /* Main.storyboard */ = {
			isa = PBXVariantGroup;
			children = (
				62073FB61C2ACBA40049C833 /* Base */,
			);
			name = Main.storyboard;
			sourceTree = "<group>";
		};
		62073FBA1C2ACBA40049C833 /* LaunchScreen.storyboard */ = {
			isa = PBXVariantGroup;
			children = (
				62073FBB1C2ACBA40049C833 /* Base */,
			);
			name = LaunchScreen.storyboard;
			sourceTree = "<group>";
		};
/* End PBXVariantGroup section */

/* Begin XCBuildConfiguration section */
		62073FBE1C2ACBA40049C833 /* Debug */ = {
			isa = XCBuildConfiguration;
			buildSettings = {
				ALWAYS_SEARCH_USER_PATHS = NO;
				CLANG_CXX_LANGUAGE_STANDARD = "gnu++0x";
				CLANG_CXX_LIBRARY = "libc++";
				CLANG_ENABLE_MODULES = YES;
				CLANG_ENABLE_OBJC_ARC = YES;
				CLANG_WARN_BOOL_CONVERSION = YES;
				CLANG_WARN_CONSTANT_CONVERSION = YES;
				CLANG_WARN_DIRECT_OBJC_ISA_USAGE = YES_ERROR;
				CLANG_WARN_EMPTY_BODY = YES;
				CLANG_WARN_ENUM_CONVERSION = YES;
				CLANG_WARN_INT_CONVERSION = YES;
				CLANG_WARN_OBJC_ROOT_CLASS = YES_ERROR;
				CLANG_WARN_UNREACHABLE_CODE = YES;
				CLANG_WARN__DUPLICATE_METHOD_MATCH = YES;
				"CODE_SIGN_IDENTITY[sdk=iphoneos*]" = "iPhone Developer";
				COPY_PHASE_STRIP = NO;
				DEBUG_INFORMATION_FORMAT = dwarf;
				ENABLE_STRICT_OBJC_MSGSEND = YES;
				ENABLE_TESTABILITY = YES;
				GCC_C_LANGUAGE_STANDARD = gnu99;
				GCC_DYNAMIC_NO_PIC = NO;
				GCC_NO_COMMON_BLOCKS = YES;
				GCC_OPTIMIZATION_LEVEL = 0;
				GCC_PREPROCESSOR_DEFINITIONS = (
					"DEBUG=1",
					"$(inherited)",
				);
				GCC_WARN_64_TO_32_BIT_CONVERSION = YES;
				GCC_WARN_ABOUT_RETURN_TYPE = YES_ERROR;
				GCC_WARN_UNDECLARED_SELECTOR = YES;
				GCC_WARN_UNINITIALIZED_AUTOS = YES_AGGRESSIVE;
				GCC_WARN_UNUSED_FUNCTION = YES;
				GCC_WARN_UNUSED_VARIABLE = YES;
				IPHONEOS_DEPLOYMENT_TARGET = 9.1;
				MTL_ENABLE_DEBUG_INFO = YES;
				ONLY_ACTIVE_ARCH = YES;
				SDKROOT = iphoneos;
			};
			name = Debug;
		};
		62073FBF1C2ACBA40049C833 /* Release */ = {
			isa = XCBuildConfiguration;
			buildSettings = {
				ALWAYS_SEARCH_USER_PATHS = NO;
				CLANG_CXX_LANGUAGE_STANDARD = "gnu++0x";
				CLANG_CXX_LIBRARY = "libc++";
				CLANG_ENABLE_MODULES = YES;
				CLANG_ENABLE_OBJC_ARC = YES;
				CLANG_WARN_BOOL_CONVERSION = YES;
				CLANG_WARN_CONSTANT_CONVERSION = YES;
				CLANG_WARN_DIRECT_OBJC_ISA_USAGE = YES_ERROR;
				CLANG_WARN_EMPTY_BODY = YES;
				CLANG_WARN_ENUM_CONVERSION = YES;
				CLANG_WARN_INT_CONVERSION = YES;
				CLANG_WARN_OBJC_ROOT_CLASS = YES_ERROR;
				CLANG_WARN_UNREACHABLE_CODE = YES;
				CLANG_WARN__DUPLICATE_METHOD_MATCH = YES;
				"CODE_SIGN_IDENTITY[sdk=iphoneos*]" = "iPhone Developer";
				COPY_PHASE_STRIP = NO;
				DEBUG_INFORMATION_FORMAT = "dwarf-with-dsym";
				ENABLE_NS_ASSERTIONS = NO;
				ENABLE_STRICT_OBJC_MSGSEND = YES;
				GCC_C_LANGUAGE_STANDARD = gnu99;
				GCC_NO_COMMON_BLOCKS = YES;
				GCC_WARN_64_TO_32_BIT_CONVERSION = YES;
				GCC_WARN_ABOUT_RETURN_TYPE = YES_ERROR;
				GCC_WARN_UNDECLARED_SELECTOR = YES;
				GCC_WARN_UNINITIALIZED_AUTOS = YES_AGGRESSIVE;
				GCC_WARN_UNUSED_FUNCTION = YES;
				GCC_WARN_UNUSED_VARIABLE = YES;
				IPHONEOS_DEPLOYMENT_TARGET = 9.1;
				MTL_ENABLE_DEBUG_INFO = NO;
				SDKROOT = iphoneos;
				VALIDATE_PRODUCT = YES;
			};
			name = Release;
		};
		62073FC11C2ACBA40049C833 /* Debug */ = {
			isa = XCBuildConfiguration;
			buildSettings = {
				ASSETCATALOG_COMPILER_APPICON_NAME = AppIcon;
				INFOPLIST_FILE = JustForText/Info.plist;
				LD_RUNPATH_SEARCH_PATHS = "$(inherited) @executable_path/Frameworks";
				PRODUCT_BUNDLE_IDENTIFIER = Banner.JustForText;
				PRODUCT_NAME = "$(TARGET_NAME)";
			};
			name = Debug;
		};
		62073FC21C2ACBA40049C833 /* Release */ = {
			isa = XCBuildConfiguration;
			buildSettings = {
				ASSETCATALOG_COMPILER_APPICON_NAME = AppIcon;
				INFOPLIST_FILE = JustForText/Info.plist;
				LD_RUNPATH_SEARCH_PATHS = "$(inherited) @executable_path/Frameworks";
				PRODUCT_BUNDLE_IDENTIFIER = Banner.JustForText;
				PRODUCT_NAME = "$(TARGET_NAME)";
			};
			name = Release;
		};
/* End XCBuildConfiguration section */

/* Begin XCConfigurationList section */
		62073FA41C2ACBA40049C833 /* Build configuration list for PBXProject "JustForText" */ = {
			isa = XCConfigurationList;
			buildConfigurations = (
				62073FBE1C2ACBA40049C833 /* Debug */,
				62073FBF1C2ACBA40049C833 /* Release */,
			);
			defaultConfigurationIsVisible = 0;
			defaultConfigurationName = Release;
		};
		62073FC01C2ACBA40049C833 /* Build configuration list for PBXNativeTarget "JustForText" */ = {
			isa = XCConfigurationList;
			buildConfigurations = (
				62073FC11C2ACBA40049C833 /* Debug */,
				62073FC21C2ACBA40049C833 /* Release */,
			);
			defaultConfigurationIsVisible = 0;
		};
/* End XCConfigurationList section */
	};
	rootObject = 62073FA11C2ACBA40049C833 /* Project object */;
}
